
Microsoft Visual Studio Solution File, Format Version 12.00
# Visual Studio Version 17
VisualStudioVersion = 17.8.34322.80
MinimumVisualStudioVersion = 10.0.40219.1
Project("{9A19103F-16F7-4668-BE54-9A1E7A4F7556}") = "DASApprenticeManagementPOC", "DASApprenticeManagementPOC\DASApprenticeManagementPOC.csproj", "{23AADC49-5630-43A1-9F4B-A03303399F36}"
EndProject
Project("{9A19103F-16F7-4668-BE54-9A1E7A4F7556}") = "ApprenticeManagement.POC", "ApprenticeManagement.POC\ApprenticeManagement.POC.csproj", "{1952EC91-BD8A-481C-9875-ECA15EA306AC}"
EndProject
Project("{9A19103F-16F7-4668-BE54-9A1E7A4F7556}") = "ApprenticeManagement.POC.Web", "ApprenticeManagement.POC.Web\ApprenticeManagement.POC.Web.csproj", "{28C25307-DF32-4B23-98F0-C8A4D1B9B39D}"
EndProject
Project("{9A19103F-16F7-4668-BE54-9A1E7A4F7556}") = "ApprenticeManagement.POC.Service", "ApprenticeManagement.POC.Service\ApprenticeManagement.POC.Service.csproj", "{F91BD068-F28D-42A8-9F09-082E67CEC6C0}"
EndProject
Project("{9A19103F-16F7-4668-BE54-9A1E7A4F7556}") = "ApprenticeManagement.POC.Common", "ApprenticeManagement.POC.Common\ApprenticeManagement.POC.Common.csproj", "{69D3FAC0-174F-43AF-B61D-8B03D6419562}"
EndProject
Global
	GlobalSection(SolutionConfigurationPlatforms) = preSolution
		Debug|Any CPU = Debug|Any CPU
		Release|Any CPU = Release|Any CPU
	EndGlobalSection
	GlobalSection(ProjectConfigurationPlatforms) = postSolution
		{23AADC49-5630-43A1-9F4B-A03303399F36}.Debug|Any CPU.ActiveCfg = Debug|Any CPU
		{23AADC49-5630-43A1-9F4B-A03303399F36}.Debug|Any CPU.Build.0 = Debug|Any CPU
		{23AADC49-5630-43A1-9F4B-A03303399F36}.Debug|Any CPU.Deploy.0 = Debug|Any CPU
		{23AADC49-5630-43A1-9F4B-A03303399F36}.Release|Any CPU.ActiveCfg = Release|Any CPU
		{23AADC49-5630-43A1-9F4B-A03303399F36}.Release|Any CPU.Build.0 = Release|Any CPU
		{23AADC49-5630-43A1-9F4B-A03303399F36}.Release|Any CPU.Deploy.0 = Release|Any CPU
		{1952EC91-BD8A-481C-9875-ECA15EA306AC}.Debug|Any CPU.ActiveCfg = Debug|Any CPU
		{1952EC91-BD8A-481C-9875-ECA15EA306AC}.Debug|Any CPU.Build.0 = Debug|Any CPU
		{1952EC91-BD8A-481C-9875-ECA15EA306AC}.Debug|Any CPU.Deploy.0 = Debug|Any CPU
		{1952EC91-BD8A-481C-9875-ECA15EA306AC}.Release|Any CPU.ActiveCfg = Release|Any CPU
		{1952EC91-BD8A-481C-9875-ECA15EA306AC}.Release|Any CPU.Build.0 = Release|Any CPU
		{1952EC91-BD8A-481C-9875-ECA15EA306AC}.Release|Any CPU.Deploy.0 = Release|Any CPU
		{28C25307-DF32-4B23-98F0-C8A4D1B9B39D}.Debug|Any CPU.ActiveCfg = Debug|Any CPU
		{28C25307-DF32-4B23-98F0-C8A4D1B9B39D}.Debug|Any CPU.Build.0 = Debug|Any CPU
		{28C25307-DF32-4B23-98F0-C8A4D1B9B39D}.Release|Any CPU.ActiveCfg = Release|Any CPU
		{28C25307-DF32-4B23-98F0-C8A4D1B9B39D}.Release|Any CPU.Build.0 = Release|Any CPU
		{F91BD068-F28D-42A8-9F09-082E67CEC6C0}.Debug|Any CPU.ActiveCfg = Debug|Any CPU
		{F91BD068-F28D-42A8-9F09-082E67CEC6C0}.Debug|Any CPU.Build.0 = Debug|Any CPU
		{F91BD068-F28D-42A8-9F09-082E67CEC6C0}.Release|Any CPU.ActiveCfg = Release|Any CPU
		{F91BD068-F28D-42A8-9F09-082E67CEC6C0}.Release|Any CPU.Build.0 = Release|Any CPU
		{69D3FAC0-174F-43AF-B61D-8B03D6419562}.Debug|Any CPU.ActiveCfg = Debug|Any CPU
		{69D3FAC0-174F-43AF-B61D-8B03D6419562}.Debug|Any CPU.Build.0 = Debug|Any CPU
		{69D3FAC0-174F-43AF-B61D-8B03D6419562}.Release|Any CPU.ActiveCfg = Release|Any CPU
		{69D3FAC0-174F-43AF-B61D-8B03D6419562}.Release|Any CPU.Build.0 = Release|Any CPU
	EndGlobalSection
	GlobalSection(SolutionProperties) = preSolution
		HideSolutionNode = FALSE
	EndGlobalSection
	GlobalSection(ExtensibilityGlobals) = postSolution
		SolutionGuid = {A2A209BA-2BED-4F2A-8014-FFC040835357}
	EndGlobalSection
EndGlobal
